
Microsoft Visual Studio Solution File, Format Version 12.00
# Visual Studio Version 17
VisualStudioVersion = 17.3.32929.385
MinimumVisualStudioVersion = 10.0.40219.1
Project("{FAE04EC0-301F-11D3-BF4B-00C04F79EFBC}") = "Final_1_GB_Homework", "Final_1_GB_Homework\Final_1_GB_Homework.csproj", "{B1C37005-8427-4511-9269-65EF3D9BB791}"
EndProject
Global
	GlobalSection(SolutionConfigurationPlatforms) = preSolution
		Debug|Any CPU = Debug|Any CPU
		Release|Any CPU = Release|Any CPU
	EndGlobalSection
	GlobalSection(ProjectConfigurationPlatforms) = postSolution
		{B1C37005-8427-4511-9269-65EF3D9BB791}.Debug|Any CPU.ActiveCfg = Debug|Any CPU
		{B1C37005-8427-4511-9269-65EF3D9BB791}.Debug|Any CPU.Build.0 = Debug|Any CPU
		{B1C37005-8427-4511-9269-65EF3D9BB791}.Release|Any CPU.ActiveCfg = Release|Any CPU
		{B1C37005-8427-4511-9269-65EF3D9BB791}.Release|Any CPU.Build.0 = Release|Any CPU
	EndGlobalSection
	GlobalSection(SolutionProperties) = preSolution
		HideSolutionNode = FALSE
	EndGlobalSection
	GlobalSection(ExtensibilityGlobals) = postSolution
		SolutionGuid = {8C7B09AA-7933-41BE-A82B-791C944291AC}
	EndGlobalSection
EndGlobal
